
Microsoft Visual Studio Solution File, Format Version 12.00
# Visual Studio 15
Project("{FAE04EC0-301F-11D3-BF4B-00C04F79EFBC}") = "HelloWorld", "HelloWorld\HelloWorld.csproj", "{BB02C6E2-96E8-4A0E-B584-6910E8707DEC}"
EndProject
Global
	GlobalSection(SolutionConfigurationPlatforms) = preSolution
		Debug|Any CPU = Debug|Any CPU
		Release|Any CPU = Release|Any CPU
	EndGlobalSection
	GlobalSection(ProjectConfigurationPlatforms) = postSolution
		{BB02C6E2-96E8-4A0E-B584-6910E8707DEC}.Debug|Any CPU.ActiveCfg = Debug|Any CPU
		{BB02C6E2-96E8-4A0E-B584-6910E8707DEC}.Debug|Any CPU.Build.0 = Debug|Any CPU
		{BB02C6E2-96E8-4A0E-B584-6910E8707DEC}.Release|Any CPU.ActiveCfg = Release|Any CPU
		{BB02C6E2-96E8-4A0E-B584-6910E8707DEC}.Release|Any CPU.Build.0 = Release|Any CPU
	EndGlobalSection
EndGlobal
